
Microsoft Visual Studio Solution File, Format Version 12.00
Project("{2150E333-8FDC-42A3-9474-1A3956D46DE8}") = "src", "src", "{6BE557B1-4DC2-44DD-8590-923027039CD4}"
EndProject
Project("{2150E333-8FDC-42A3-9474-1A3956D46DE8}") = "tests", "tests", "{98D64449-A5AC-4C6D-9A7B-B716F86CD0DB}"
EndProject
Project("{2150E333-8FDC-42A3-9474-1A3956D46DE8}") = "common", "common", "{3DC9DF40-C58C-44FE-9A93-863F83839BA6}"
ProjectSection(SolutionItems) = preProject
	readme.md = readme.md
	Dockerfile = Dockerfile
	..\docker-compose.yml = ..\docker-compose.yml
	MerchandiseServise.drawio = MerchandiseServise.drawio
	entrypoint.sh = entrypoint.sh
EndProjectSection
EndProject
Project("{FAE04EC0-301F-11D3-BF4B-00C04F79EFBC}") = "MerchandiseService", "src\MerchandiseService\MerchandiseService.csproj", "{F767C83F-CF03-4BBC-99EC-19362ABD7682}"
EndProject
Project("{FAE04EC0-301F-11D3-BF4B-00C04F79EFBC}") = "MerchandiseService.Grpc", "src\MerchandiseService.Grpc\MerchandiseService.Grpc.csproj", "{D9ECB35A-9F68-406E-90CB-38BD3FD5EE26}"
EndProject
Project("{FAE04EC0-301F-11D3-BF4B-00C04F79EFBC}") = "MerchandiseService.HttpModels", "src\MerchandiseService.HttpModels\MerchandiseService.HttpModels.csproj", "{3477F472-AA4B-4CA0-B19C-73C48450ED72}"
EndProject
Project("{FAE04EC0-301F-11D3-BF4B-00C04F79EFBC}") = "MerchandiseService.HttpClients", "src\MerchandiseService.HttpClients\MerchandiseService.HttpClients.csproj", "{B8AC8808-E16B-426E-9D7D-7D0935B2E233}"
EndProject
Project("{FAE04EC0-301F-11D3-BF4B-00C04F79EFBC}") = "MerchandiseService.Domain", "src\MerchandiseService.Domain\MerchandiseService.Domain.csproj", "{0FAA7FE1-59BA-4090-A2C8-B000412FD5A2}"
EndProject
Project("{FAE04EC0-301F-11D3-BF4B-00C04F79EFBC}") = "MerchandiseService.Infrastructure", "src\MerchandiseService.Infrastructure\MerchandiseService.Infrastructure.csproj", "{CE4B7940-5C9E-4E77-BA3F-737E191BA151}"
EndProject
Project("{FAE04EC0-301F-11D3-BF4B-00C04F79EFBC}") = "MerchandiseService.Domain.Tests", "tests\MerchandiseService.Domain.Tests\MerchandiseService.Domain.Tests.csproj", "{537F3F54-22BF-43EA-BA27-E827E09DA0B3}"
EndProject
Project("{FAE04EC0-301F-11D3-BF4B-00C04F79EFBC}") = "MerchandiseService.Migrator", "src\MerchandiseService.Migrator\MerchandiseService.Migrator.csproj", "{3A2068BD-2E4A-43BD-9E6F-AB876AE4F0F9}"
EndProject
Global
	GlobalSection(SolutionConfigurationPlatforms) = preSolution
		Debug|Any CPU = Debug|Any CPU
		Release|Any CPU = Release|Any CPU
	EndGlobalSection
	GlobalSection(ProjectConfigurationPlatforms) = postSolution
		{F767C83F-CF03-4BBC-99EC-19362ABD7682}.Debug|Any CPU.ActiveCfg = Debug|Any CPU
		{F767C83F-CF03-4BBC-99EC-19362ABD7682}.Debug|Any CPU.Build.0 = Debug|Any CPU
		{F767C83F-CF03-4BBC-99EC-19362ABD7682}.Release|Any CPU.ActiveCfg = Release|Any CPU
		{F767C83F-CF03-4BBC-99EC-19362ABD7682}.Release|Any CPU.Build.0 = Release|Any CPU
		{D9ECB35A-9F68-406E-90CB-38BD3FD5EE26}.Debug|Any CPU.ActiveCfg = Debug|Any CPU
		{D9ECB35A-9F68-406E-90CB-38BD3FD5EE26}.Debug|Any CPU.Build.0 = Debug|Any CPU
		{D9ECB35A-9F68-406E-90CB-38BD3FD5EE26}.Release|Any CPU.ActiveCfg = Release|Any CPU
		{D9ECB35A-9F68-406E-90CB-38BD3FD5EE26}.Release|Any CPU.Build.0 = Release|Any CPU
		{3477F472-AA4B-4CA0-B19C-73C48450ED72}.Debug|Any CPU.ActiveCfg = Debug|Any CPU
		{3477F472-AA4B-4CA0-B19C-73C48450ED72}.Debug|Any CPU.Build.0 = Debug|Any CPU
		{3477F472-AA4B-4CA0-B19C-73C48450ED72}.Release|Any CPU.ActiveCfg = Release|Any CPU
		{3477F472-AA4B-4CA0-B19C-73C48450ED72}.Release|Any CPU.Build.0 = Release|Any CPU
		{B8AC8808-E16B-426E-9D7D-7D0935B2E233}.Debug|Any CPU.ActiveCfg = Debug|Any CPU
		{B8AC8808-E16B-426E-9D7D-7D0935B2E233}.Debug|Any CPU.Build.0 = Debug|Any CPU
		{B8AC8808-E16B-426E-9D7D-7D0935B2E233}.Release|Any CPU.ActiveCfg = Release|Any CPU
		{B8AC8808-E16B-426E-9D7D-7D0935B2E233}.Release|Any CPU.Build.0 = Release|Any CPU
		{0FAA7FE1-59BA-4090-A2C8-B000412FD5A2}.Debug|Any CPU.ActiveCfg = Debug|Any CPU
		{0FAA7FE1-59BA-4090-A2C8-B000412FD5A2}.Debug|Any CPU.Build.0 = Debug|Any CPU
		{0FAA7FE1-59BA-4090-A2C8-B000412FD5A2}.Release|Any CPU.ActiveCfg = Release|Any CPU
		{0FAA7FE1-59BA-4090-A2C8-B000412FD5A2}.Release|Any CPU.Build.0 = Release|Any CPU
		{CE4B7940-5C9E-4E77-BA3F-737E191BA151}.Debug|Any CPU.ActiveCfg = Debug|Any CPU
		{CE4B7940-5C9E-4E77-BA3F-737E191BA151}.Debug|Any CPU.Build.0 = Debug|Any CPU
		{CE4B7940-5C9E-4E77-BA3F-737E191BA151}.Release|Any CPU.ActiveCfg = Release|Any CPU
		{CE4B7940-5C9E-4E77-BA3F-737E191BA151}.Release|Any CPU.Build.0 = Release|Any CPU
		{537F3F54-22BF-43EA-BA27-E827E09DA0B3}.Debug|Any CPU.ActiveCfg = Debug|Any CPU
		{537F3F54-22BF-43EA-BA27-E827E09DA0B3}.Debug|Any CPU.Build.0 = Debug|Any CPU
		{537F3F54-22BF-43EA-BA27-E827E09DA0B3}.Release|Any CPU.ActiveCfg = Release|Any CPU
		{537F3F54-22BF-43EA-BA27-E827E09DA0B3}.Release|Any CPU.Build.0 = Release|Any CPU
		{3A2068BD-2E4A-43BD-9E6F-AB876AE4F0F9}.Debug|Any CPU.ActiveCfg = Debug|Any CPU
		{3A2068BD-2E4A-43BD-9E6F-AB876AE4F0F9}.Debug|Any CPU.Build.0 = Debug|Any CPU
		{3A2068BD-2E4A-43BD-9E6F-AB876AE4F0F9}.Release|Any CPU.ActiveCfg = Release|Any CPU
		{3A2068BD-2E4A-43BD-9E6F-AB876AE4F0F9}.Release|Any CPU.Build.0 = Release|Any CPU
	EndGlobalSection
	GlobalSection(NestedProjects) = preSolution
		{F767C83F-CF03-4BBC-99EC-19362ABD7682} = {6BE557B1-4DC2-44DD-8590-923027039CD4}
		{D9ECB35A-9F68-406E-90CB-38BD3FD5EE26} = {6BE557B1-4DC2-44DD-8590-923027039CD4}
		{3477F472-AA4B-4CA0-B19C-73C48450ED72} = {6BE557B1-4DC2-44DD-8590-923027039CD4}
		{B8AC8808-E16B-426E-9D7D-7D0935B2E233} = {6BE557B1-4DC2-44DD-8590-923027039CD4}
		{0FAA7FE1-59BA-4090-A2C8-B000412FD5A2} = {6BE557B1-4DC2-44DD-8590-923027039CD4}
		{CE4B7940-5C9E-4E77-BA3F-737E191BA151} = {6BE557B1-4DC2-44DD-8590-923027039CD4}
		{537F3F54-22BF-43EA-BA27-E827E09DA0B3} = {98D64449-A5AC-4C6D-9A7B-B716F86CD0DB}
		{3A2068BD-2E4A-43BD-9E6F-AB876AE4F0F9} = {6BE557B1-4DC2-44DD-8590-923027039CD4}
	EndGlobalSection
EndGlobal
